# THIS IS AN AUTOGENERATED FILE. DO NOT EDIT THIS FILE DIRECTLY.
# yarn lockfile v1


"@babel/code-frame@^7.0.0":
  version "7.8.3"
  resolved "https://registry.npmjs.org/@babel/code-frame/-/code-frame-7.8.3.tgz"
  dependencies:
    "@babel/highlight" "^7.8.3"

"@babel/helper-validator-identifier@^7.9.0":
  version "7.9.5"
  resolved "https://registry.npmjs.org/@babel/helper-validator-identifier/-/helper-validator-identifier-7.9.5.tgz"

"@babel/highlight@^7.8.3":
  version "7.9.0"
  resolved "https://registry.npmjs.org/@babel/highlight/-/highlight-7.9.0.tgz"
  dependencies:
    "@babel/helper-validator-identifier" "^7.9.0"
    chalk "^2.0.0"
    js-tokens "^4.0.0"

"@tootallnate/once@1":
  version "1.1.2"
  resolved "https://registry.npmjs.org/@tootallnate/once/-/once-1.1.2.tgz"

abbrev@1, abbrev@1.0.x:
  version "1.0.9"
  resolved "https://registry.npmjs.org/abbrev/-/abbrev-1.0.9.tgz"

acorn-jsx@^5.0.0:
  version "5.2.0"
  resolved "https://registry.npmjs.org/acorn-jsx/-/acorn-jsx-5.2.0.tgz"

acorn@^6.0.7:
  version "6.4.1"
  resolved "https://registry.npmjs.org/acorn/-/acorn-6.4.1.tgz"

agent-base@5:
  version "5.1.1"
  resolved "https://registry.npmjs.org/agent-base/-/agent-base-5.1.1.tgz"

agent-base@6:
  version "6.0.1"
  resolved "https://registry.npmjs.org/agent-base/-/agent-base-6.0.1.tgz"
  dependencies:
    debug "4"

ajv@^6.10.2, ajv@^6.9.1:
  version "6.12.6"
  resolved "https://registry.npmjs.org/ajv/-/ajv-6.12.6.tgz"
  dependencies:
    fast-deep-equal "^3.1.1"
    fast-json-stable-stringify "^2.0.0"
    json-schema-traverse "^0.4.1"
    uri-js "^4.2.2"

amdefine@>=0.0.4:
  version "1.0.1"
  resolved "https://registry.npmjs.org/amdefine/-/amdefine-1.0.1.tgz"

ansi-colors@4.1.1:
  version "4.1.1"
  resolved "https://registry.npmjs.org/ansi-colors/-/ansi-colors-4.1.1.tgz"

ansi-escapes@^3.2.0:
  version "3.2.0"
  resolved "https://registry.npmjs.org/ansi-escapes/-/ansi-escapes-3.2.0.tgz"

ansi-regex@^3.0.0:
  version "3.0.1"
  resolved "https://registry.npmjs.org/ansi-regex/-/ansi-regex-3.0.1.tgz"

ansi-regex@^4.1.0:
  version "4.1.1"
  resolved "https://registry.npmjs.org/ansi-regex/-/ansi-regex-4.1.1.tgz"

ansi-regex@^5.0.1:
  version "5.0.1"
  resolved "https://registry.npmjs.org/ansi-regex/-/ansi-regex-5.0.1.tgz"

ansi-styles@^3.2.0, ansi-styles@^3.2.1:
  version "3.2.1"
  resolved "https://registry.npmjs.org/ansi-styles/-/ansi-styles-3.2.1.tgz"
  dependencies:
    color-convert "^1.9.0"

ansi-styles@^4.0.0, ansi-styles@^4.1.0:
  version "4.3.0"
  resolved "https://registry.npmjs.org/ansi-styles/-/ansi-styles-4.3.0.tgz"
  dependencies:
    color-convert "^2.0.1"

anymatch@~3.1.2:
  version "3.1.3"
  resolved "https://registry.npmjs.org/anymatch/-/anymatch-3.1.3.tgz"
  dependencies:
    normalize-path "^3.0.0"
    picomatch "^2.0.4"

argparse@^1.0.7:
  version "1.0.10"
  resolved "https://registry.npmjs.org/argparse/-/argparse-1.0.10.tgz"
  dependencies:
    sprintf-js "~1.0.2"

argparse@^2.0.1:
  version "2.0.1"
  resolved "https://registry.npmjs.org/argparse/-/argparse-2.0.1.tgz"

argv@0.0.2:
  version "0.0.2"
  resolved "https://registry.npmjs.org/argv/-/argv-0.0.2.tgz"

assertion-error@^1.1.0:
  version "1.1.0"
  resolved "https://registry.npmjs.org/assertion-error/-/assertion-error-1.1.0.tgz"

astral-regex@^1.0.0:
  version "1.0.0"
  resolved "https://registry.npmjs.org/astral-regex/-/astral-regex-1.0.0.tgz"

async@1.x:
  version "1.5.2"
  resolved "https://registry.npmjs.org/async/-/async-1.5.2.tgz"

balanced-match@^1.0.0:
  version "1.0.0"
  resolved "https://registry.npmjs.org/balanced-match/-/balanced-match-1.0.0.tgz"

binary-extensions@^2.0.0:
  version "2.2.0"
  resolved "https://registry.npmjs.org/binary-extensions/-/binary-extensions-2.2.0.tgz"

brace-expansion@^1.1.7:
  version "1.1.11"
  resolved "https://registry.npmjs.org/brace-expansion/-/brace-expansion-1.1.11.tgz"
  dependencies:
    balanced-match "^1.0.0"
    concat-map "0.0.1"

brace-expansion@^2.0.1:
  version "2.0.1"
  resolved "https://registry.npmjs.org/brace-expansion/-/brace-expansion-2.0.1.tgz"
  dependencies:
    balanced-match "^1.0.0"

braces@~3.0.2:
  version "3.0.2"
  resolved "https://registry.npmjs.org/braces/-/braces-3.0.2.tgz"
  dependencies:
    fill-range "^7.0.1"

browser-stdout@1.3.1:
  version "1.3.1"
  resolved "https://registry.npmjs.org/browser-stdout/-/browser-stdout-1.3.1.tgz"

callsites@^3.0.0:
  version "3.1.0"
  resolved "https://registry.npmjs.org/callsites/-/callsites-3.1.0.tgz"

camelcase@^6.0.0:
  version "6.3.0"
  resolved "https://registry.npmjs.org/camelcase/-/camelcase-6.3.0.tgz"

chai@^4.2.0:
  version "4.2.0"
  resolved "https://registry.npmjs.org/chai/-/chai-4.2.0.tgz"
  dependencies:
    assertion-error "^1.1.0"
    check-error "^1.0.2"
    deep-eql "^3.0.1"
    get-func-name "^2.0.0"
    pathval "^1.1.0"
    type-detect "^4.0.5"

chalk@^2.0.0, chalk@^2.1.0, chalk@^2.4.2:
  version "2.4.2"
  resolved "https://registry.npmjs.org/chalk/-/chalk-2.4.2.tgz"
  dependencies:
    ansi-styles "^3.2.1"
    escape-string-regexp "^1.0.5"
    supports-color "^5.3.0"

chalk@^4.1.0:
  version "4.1.2"
  resolved "https://registry.npmjs.org/chalk/-/chalk-4.1.2.tgz"
  dependencies:
    ansi-styles "^4.1.0"
    supports-color "^7.1.0"

chardet@^0.7.0:
  version "0.7.0"
  resolved "https://registry.npmjs.org/chardet/-/chardet-0.7.0.tgz"

check-error@^1.0.2:
  version "1.0.2"
  resolved "https://registry.npmjs.org/check-error/-/check-error-1.0.2.tgz"

chokidar@3.5.3:
  version "3.5.3"
  resolved "https://registry.npmjs.org/chokidar/-/chokidar-3.5.3.tgz"
  dependencies:
    anymatch "~3.1.2"
    braces "~3.0.2"
    glob-parent "~5.1.2"
    is-binary-path "~2.1.0"
    is-glob "~4.0.1"
    normalize-path "~3.0.0"
    readdirp "~3.6.0"
  optionalDependencies:
    fsevents "~2.3.2"

cli-cursor@^2.1.0:
  version "2.1.0"
  resolved "https://registry.npmjs.org/cli-cursor/-/cli-cursor-2.1.0.tgz"
  dependencies:
    restore-cursor "^2.0.0"

cli-width@^2.0.0:
  version "2.2.1"
  resolved "https://registry.npmjs.org/cli-width/-/cli-width-2.2.1.tgz"

cliui@^7.0.2:
  version "7.0.4"
  resolved "https://registry.npmjs.org/cliui/-/cliui-7.0.4.tgz"
  dependencies:
    string-width "^4.2.0"
    strip-ansi "^6.0.0"
    wrap-ansi "^7.0.0"

codecov@^3.7.1:
  version "3.7.2"
  resolved "https://registry.npmjs.org/codecov/-/codecov-3.7.2.tgz"
  dependencies:
    argv "0.0.2"
    ignore-walk "3.0.3"
    js-yaml "3.13.1"
    teeny-request "6.0.1"
    urlgrey "0.4.4"

color-convert@^1.9.0:
  version "1.9.3"
  resolved "https://registry.npmjs.org/color-convert/-/color-convert-1.9.3.tgz"
  dependencies:
    color-name "1.1.3"

color-convert@^2.0.1:
  version "2.0.1"
  resolved "https://registry.npmjs.org/color-convert/-/color-convert-2.0.1.tgz"
  dependencies:
    color-name "~1.1.4"

color-name@1.1.3:
  version "1.1.3"
  resolved "https://registry.npmjs.org/color-name/-/color-name-1.1.3.tgz"

color-name@~1.1.4:
  version "1.1.4"
  resolved "https://registry.npmjs.org/color-name/-/color-name-1.1.4.tgz"

commander@~2.20.3:
  version "2.20.3"
  resolved "https://registry.npmjs.org/commander/-/commander-2.20.3.tgz"

concat-map@0.0.1:
  version "0.0.1"
  resolved "https://registry.npmjs.org/concat-map/-/concat-map-0.0.1.tgz"

cross-spawn@^6.0.5:
  version "6.0.5"
  resolved "https://registry.npmjs.org/cross-spawn/-/cross-spawn-6.0.5.tgz"
  dependencies:
    nice-try "^1.0.4"
    path-key "^2.0.1"
    semver "^5.5.0"
    shebang-command "^1.2.0"
    which "^1.2.9"

debug@4, debug@4.3.4, debug@^4.0.1:
  version "4.3.4"
  resolved "https://registry.npmjs.org/debug/-/debug-4.3.4.tgz"
  dependencies:
    ms "2.1.2"

decamelize@^4.0.0:
  version "4.0.0"
  resolved "https://registry.npmjs.org/decamelize/-/decamelize-4.0.0.tgz"

deep-eql@^3.0.1:
  version "3.0.1"
  resolved "https://registry.npmjs.org/deep-eql/-/deep-eql-3.0.1.tgz"
  dependencies:
    type-detect "^4.0.0"

deep-is@~0.1.3:
  version "0.1.3"
  resolved "https://registry.npmjs.org/deep-is/-/deep-is-0.1.3.tgz"

diff@5.0.0:
  version "5.0.0"
  resolved "https://registry.npmjs.org/diff/-/diff-5.0.0.tgz"

doctrine@^3.0.0:
  version "3.0.0"
  resolved "https://registry.npmjs.org/doctrine/-/doctrine-3.0.0.tgz"
  dependencies:
    esutils "^2.0.2"

emoji-regex@^7.0.1:
  version "7.0.3"
  resolved "https://registry.npmjs.org/emoji-regex/-/emoji-regex-7.0.3.tgz"

emoji-regex@^8.0.0:
  version "8.0.0"
  resolved "https://registry.npmjs.org/emoji-regex/-/emoji-regex-8.0.0.tgz"

escalade@^3.1.1:
  version "3.1.1"
  resolved "https://registry.npmjs.org/escalade/-/escalade-3.1.1.tgz"

escape-string-regexp@4.0.0:
  version "4.0.0"
  resolved "https://registry.npmjs.org/escape-string-regexp/-/escape-string-regexp-4.0.0.tgz"

escape-string-regexp@^1.0.5:
  version "1.0.5"
  resolved "https://registry.npmjs.org/escape-string-regexp/-/escape-string-regexp-1.0.5.tgz"

escodegen@1.8.x:
  version "1.8.1"
  resolved "https://registry.npmjs.org/escodegen/-/escodegen-1.8.1.tgz"
  dependencies:
    esprima "^2.7.1"
    estraverse "^1.9.1"
    esutils "^2.0.2"
    optionator "^0.8.1"
  optionalDependencies:
    source-map "~0.2.0"

eslint-scope@^4.0.3:
  version "4.0.3"
  resolved "https://registry.npmjs.org/eslint-scope/-/eslint-scope-4.0.3.tgz"
  dependencies:
    esrecurse "^4.1.0"
    estraverse "^4.1.1"

eslint-utils@^1.3.1:
  version "1.4.3"
  resolved "https://registry.npmjs.org/eslint-utils/-/eslint-utils-1.4.3.tgz"
  dependencies:
    eslint-visitor-keys "^1.1.0"

eslint-visitor-keys@^1.0.0, eslint-visitor-keys@^1.1.0:
  version "1.1.0"
  resolved "https://registry.npmjs.org/eslint-visitor-keys/-/eslint-visitor-keys-1.1.0.tgz"

eslint@^5.16.0:
  version "5.16.0"
  resolved "https://registry.npmjs.org/eslint/-/eslint-5.16.0.tgz"
  dependencies:
    "@babel/code-frame" "^7.0.0"
    ajv "^6.9.1"
    chalk "^2.1.0"
    cross-spawn "^6.0.5"
    debug "^4.0.1"
    doctrine "^3.0.0"
    eslint-scope "^4.0.3"
    eslint-utils "^1.3.1"
    eslint-visitor-keys "^1.0.0"
    espree "^5.0.1"
    esquery "^1.0.1"
    esutils "^2.0.2"
    file-entry-cache "^5.0.1"
    functional-red-black-tree "^1.0.1"
    glob "^7.1.2"
    globals "^11.7.0"
    ignore "^4.0.6"
    import-fresh "^3.0.0"
    imurmurhash "^0.1.4"
    inquirer "^6.2.2"
    js-yaml "^3.13.0"
    json-stable-stringify-without-jsonify "^1.0.1"
    levn "^0.3.0"
    lodash "^4.17.11"
    minimatch "^3.0.4"
    mkdirp "^0.5.1"
    natural-compare "^1.4.0"
    optionator "^0.8.2"
    path-is-inside "^1.0.2"
    progress "^2.0.0"
    regexpp "^2.0.1"
    semver "^5.5.1"
    strip-ansi "^4.0.0"
    strip-json-comments "^2.0.1"
    table "^5.2.3"
    text-table "^0.2.0"

espree@^5.0.1:
  version "5.0.1"
  resolved "https://registry.npmjs.org/espree/-/espree-5.0.1.tgz"
  dependencies:
    acorn "^6.0.7"
    acorn-jsx "^5.0.0"
    eslint-visitor-keys "^1.0.0"

esprima@2.7.x, esprima@^2.7.1:
  version "2.7.3"
  resolved "https://registry.npmjs.org/esprima/-/esprima-2.7.3.tgz"

esprima@^4.0.0:
  version "4.0.1"
  resolved "https://registry.npmjs.org/esprima/-/esprima-4.0.1.tgz"

esquery@^1.0.1:
  version "1.3.1"
  resolved "https://registry.npmjs.org/esquery/-/esquery-1.3.1.tgz"
  dependencies:
    estraverse "^5.1.0"

esrecurse@^4.1.0:
  version "4.2.1"
  resolved "https://registry.npmjs.org/esrecurse/-/esrecurse-4.2.1.tgz"
  dependencies:
    estraverse "^4.1.0"

estraverse@^1.9.1:
  version "1.9.3"
  resolved "https://registry.npmjs.org/estraverse/-/estraverse-1.9.3.tgz"

estraverse@^4.1.0, estraverse@^4.1.1:
  version "4.3.0"
  resolved "https://registry.npmjs.org/estraverse/-/estraverse-4.3.0.tgz"

estraverse@^5.1.0:
  version "5.1.0"
  resolved "https://registry.npmjs.org/estraverse/-/estraverse-5.1.0.tgz"

esutils@^2.0.2:
  version "2.0.2"
  resolved "https://registry.npmjs.org/esutils/-/esutils-2.0.2.tgz"

external-editor@^3.0.3:
  version "3.1.0"
  resolved "https://registry.npmjs.org/external-editor/-/external-editor-3.1.0.tgz"
  dependencies:
    chardet "^0.7.0"
    iconv-lite "^0.4.24"
    tmp "^0.0.33"

fast-deep-equal@^3.1.1:
  version "3.1.1"
  resolved "https://registry.npmjs.org/fast-deep-equal/-/fast-deep-equal-3.1.1.tgz"

fast-json-stable-stringify@^2.0.0:
  version "2.1.0"
  resolved "https://registry.npmjs.org/fast-json-stable-stringify/-/fast-json-stable-stringify-2.1.0.tgz"

fast-levenshtein@~2.0.4:
  version "2.0.6"
  resolved "https://registry.npmjs.org/fast-levenshtein/-/fast-levenshtein-2.0.6.tgz"

figures@^2.0.0:
  version "2.0.0"
  resolved "https://registry.npmjs.org/figures/-/figures-2.0.0.tgz"
  dependencies:
    escape-string-regexp "^1.0.5"

file-entry-cache@^5.0.1:
  version "5.0.1"
  resolved "https://registry.npmjs.org/file-entry-cache/-/file-entry-cache-5.0.1.tgz"
  dependencies:
    flat-cache "^2.0.1"

fill-range@^7.0.1:
  version "7.0.1"
  resolved "https://registry.npmjs.org/fill-range/-/fill-range-7.0.1.tgz"
  dependencies:
    to-regex-range "^5.0.1"

find-up@5.0.0:
  version "5.0.0"
  resolved "https://registry.npmjs.org/find-up/-/find-up-5.0.0.tgz"
  dependencies:
    locate-path "^6.0.0"
    path-exists "^4.0.0"

flat-cache@^2.0.1:
  version "2.0.1"
  resolved "https://registry.npmjs.org/flat-cache/-/flat-cache-2.0.1.tgz"
  dependencies:
    flatted "^2.0.0"
    rimraf "2.6.3"
    write "1.0.3"

flat@^5.0.2:
  version "5.0.2"
  resolved "https://registry.npmjs.org/flat/-/flat-5.0.2.tgz"

flatted@^2.0.0:
  version "2.0.2"
  resolved "https://registry.npmjs.org/flatted/-/flatted-2.0.2.tgz"

fs.realpath@^1.0.0:
  version "1.0.0"
  resolved "https://registry.npmjs.org/fs.realpath/-/fs.realpath-1.0.0.tgz"

fsevents@~2.3.2:
  version "2.3.2"
  resolved "https://registry.npmjs.org/fsevents/-/fsevents-2.3.2.tgz"

functional-red-black-tree@^1.0.1:
  version "1.0.1"
  resolved "https://registry.npmjs.org/functional-red-black-tree/-/functional-red-black-tree-1.0.1.tgz"

get-caller-file@^2.0.5:
  version "2.0.5"
  resolved "https://registry.npmjs.org/get-caller-file/-/get-caller-file-2.0.5.tgz"

get-func-name@^2.0.0:
  version "2.0.0"
  resolved "https://registry.npmjs.org/get-func-name/-/get-func-name-2.0.0.tgz"

glob-parent@~5.1.2:
  version "5.1.2"
  resolved "https://registry.npmjs.org/glob-parent/-/glob-parent-5.1.2.tgz"
  dependencies:
    is-glob "^4.0.1"

glob@7.2.0, glob@^7.1.2, glob@^7.1.3:
  version "7.2.0"
  resolved "https://registry.npmjs.org/glob/-/glob-7.2.0.tgz"
  dependencies:
    fs.realpath "^1.0.0"
    inflight "^1.0.4"
    inherits "2"
    minimatch "^3.0.4"
    once "^1.3.0"
    path-is-absolute "^1.0.0"

glob@^5.0.15:
  version "5.0.15"
  resolved "https://registry.npmjs.org/glob/-/glob-5.0.15.tgz"
  dependencies:
    inflight "^1.0.4"
    inherits "2"
    minimatch "2 || 3"
    once "^1.3.0"
    path-is-absolute "^1.0.0"

globals@^11.7.0:
  version "11.12.0"
  resolved "https://registry.npmjs.org/globals/-/globals-11.12.0.tgz"

handlebars@^4.0.1:
  version "4.7.7"
  resolved "https://registry.npmjs.org/handlebars/-/handlebars-4.7.7.tgz"
  dependencies:
    minimist "^1.2.5"
    neo-async "^2.6.0"
    source-map "^0.6.1"
    wordwrap "^1.0.0"
  optionalDependencies:
    uglify-js "^3.1.4"

has-flag@^1.0.0:
  version "1.0.0"
  resolved "https://registry.npmjs.org/has-flag/-/has-flag-1.0.0.tgz"

has-flag@^3.0.0:
  version "3.0.0"
  resolved "https://registry.npmjs.org/has-flag/-/has-flag-3.0.0.tgz"

has-flag@^4.0.0:
  version "4.0.0"
  resolved "https://registry.npmjs.org/has-flag/-/has-flag-4.0.0.tgz"

he@1.2.0:
  version "1.2.0"
  resolved "https://registry.npmjs.org/he/-/he-1.2.0.tgz"

http-proxy-agent@^4.0.0:
  version "4.0.1"
  resolved "https://registry.npmjs.org/http-proxy-agent/-/http-proxy-agent-4.0.1.tgz"
  dependencies:
    "@tootallnate/once" "1"
    agent-base "6"
    debug "4"

https-proxy-agent@^4.0.0:
  version "4.0.0"
  resolved "https://registry.npmjs.org/https-proxy-agent/-/https-proxy-agent-4.0.0.tgz"
  dependencies:
    agent-base "5"
    debug "4"

iconv-lite@^0.4.24:
  version "0.4.24"
  resolved "https://registry.npmjs.org/iconv-lite/-/iconv-lite-0.4.24.tgz"
  dependencies:
    safer-buffer ">= 2.1.2 < 3"

ignore-walk@3.0.3:
  version "3.0.3"
  resolved "https://registry.npmjs.org/ignore-walk/-/ignore-walk-3.0.3.tgz"
  dependencies:
    minimatch "^3.0.4"

ignore@^4.0.6:
  version "4.0.6"
  resolved "https://registry.npmjs.org/ignore/-/ignore-4.0.6.tgz"

import-fresh@^3.0.0:
  version "3.2.1"
  resolved "https://registry.npmjs.org/import-fresh/-/import-fresh-3.2.1.tgz"
  dependencies:
    parent-module "^1.0.0"
    resolve-from "^4.0.0"

imurmurhash@^0.1.4:
  version "0.1.4"
  resolved "https://registry.npmjs.org/imurmurhash/-/imurmurhash-0.1.4.tgz"

inflight@^1.0.4:
  version "1.0.6"
  resolved "https://registry.npmjs.org/inflight/-/inflight-1.0.6.tgz"
  dependencies:
    once "^1.3.0"
    wrappy "1"

inherits@2:
  version "2.0.3"
  resolved "https://registry.npmjs.org/inherits/-/inherits-2.0.3.tgz"

inquirer@^6.2.2:
  version "6.5.2"
  resolved "https://registry.npmjs.org/inquirer/-/inquirer-6.5.2.tgz"
  dependencies:
    ansi-escapes "^3.2.0"
    chalk "^2.4.2"
    cli-cursor "^2.1.0"
    cli-width "^2.0.0"
    external-editor "^3.0.3"
    figures "^2.0.0"
    lodash "^4.17.12"
    mute-stream "0.0.7"
    run-async "^2.2.0"
    rxjs "^6.4.0"
    string-width "^2.1.0"
    strip-ansi "^5.1.0"
    through "^2.3.6"

is-binary-path@~2.1.0:
  version "2.1.0"
  resolved "https://registry.npmjs.org/is-binary-path/-/is-binary-path-2.1.0.tgz"
  dependencies:
    binary-extensions "^2.0.0"

is-extglob@^2.1.1:
  version "2.1.1"
  resolved "https://registry.npmjs.org/is-extglob/-/is-extglob-2.1.1.tgz"

is-fullwidth-code-point@^2.0.0:
  version "2.0.0"
  resolved "https://registry.npmjs.org/is-fullwidth-code-point/-/is-fullwidth-code-point-2.0.0.tgz"

is-fullwidth-code-point@^3.0.0:
  version "3.0.0"
  resolved "https://registry.npmjs.org/is-fullwidth-code-point/-/is-fullwidth-code-point-3.0.0.tgz"

is-glob@^4.0.1, is-glob@~4.0.1:
  version "4.0.3"
  resolved "https://registry.npmjs.org/is-glob/-/is-glob-4.0.3.tgz"
  dependencies:
    is-extglob "^2.1.1"

is-number@^7.0.0:
  version "7.0.0"
  resolved "https://registry.npmjs.org/is-number/-/is-number-7.0.0.tgz"

is-plain-obj@^2.1.0:
  version "2.1.0"
  resolved "https://registry.npmjs.org/is-plain-obj/-/is-plain-obj-2.1.0.tgz"

is-unicode-supported@^0.1.0:
  version "0.1.0"
  resolved "https://registry.npmjs.org/is-unicode-supported/-/is-unicode-supported-0.1.0.tgz"

isexe@^2.0.0:
  version "2.0.0"
  resolved "https://registry.npmjs.org/isexe/-/isexe-2.0.0.tgz"

istanbul@^0.4.5:
  version "0.4.5"
  resolved "https://registry.npmjs.org/istanbul/-/istanbul-0.4.5.tgz"
  dependencies:
    abbrev "1.0.x"
    async "1.x"
    escodegen "1.8.x"
    esprima "2.7.x"
    glob "^5.0.15"
    handlebars "^4.0.1"
    js-yaml "3.x"
    mkdirp "0.5.x"
    nopt "3.x"
    once "1.x"
    resolve "1.1.x"
    supports-color "^3.1.0"
    which "^1.1.1"
    wordwrap "^1.0.0"

js-tokens@^4.0.0:
  version "4.0.0"
  resolved "https://registry.npmjs.org/js-tokens/-/js-tokens-4.0.0.tgz"

js-yaml@3.13.1, js-yaml@3.x, js-yaml@^3.13.0:
  version "3.13.1"
  resolved "https://registry.npmjs.org/js-yaml/-/js-yaml-3.13.1.tgz"
  dependencies:
    argparse "^1.0.7"
    esprima "^4.0.0"

js-yaml@4.1.0:
  version "4.1.0"
  resolved "https://registry.npmjs.org/js-yaml/-/js-yaml-4.1.0.tgz"
  dependencies:
    argparse "^2.0.1"

json-schema-traverse@^0.4.1:
  version "0.4.1"
  resolved "https://registry.npmjs.org/json-schema-traverse/-/json-schema-traverse-0.4.1.tgz"

json-stable-stringify-without-jsonify@^1.0.1:
  version "1.0.1"
  resolved "https://registry.npmjs.org/json-stable-stringify-without-jsonify/-/json-stable-stringify-without-jsonify-1.0.1.tgz"

levn@^0.3.0, levn@~0.3.0:
  version "0.3.0"
  resolved "https://registry.npmjs.org/levn/-/levn-0.3.0.tgz"
  dependencies:
    prelude-ls "~1.1.2"
    type-check "~0.3.2"

locate-path@^6.0.0:
  version "6.0.0"
  resolved "https://registry.npmjs.org/locate-path/-/locate-path-6.0.0.tgz"
  dependencies:
    p-locate "^5.0.0"

lodash@^4.17.11, lodash@^4.17.12, lodash@^4.17.14:
  version "4.17.21"
  resolved "https://registry.npmjs.org/lodash/-/lodash-4.17.21.tgz"

log-symbols@4.1.0:
  version "4.1.0"
  resolved "https://registry.npmjs.org/log-symbols/-/log-symbols-4.1.0.tgz"
  dependencies:
    chalk "^4.1.0"
    is-unicode-supported "^0.1.0"

mimic-fn@^1.0.0:
  version "1.2.0"
  resolved "https://registry.npmjs.org/mimic-fn/-/mimic-fn-1.2.0.tgz"

"minimatch@2 || 3", minimatch@^3.0.4:
  version "3.1.2"
  resolved "https://registry.npmjs.org/minimatch/-/minimatch-3.1.2.tgz"
  dependencies:
    brace-expansion "^1.1.7"

minimatch@5.0.1:
  version "5.0.1"
  resolved "https://registry.npmjs.org/minimatch/-/minimatch-5.0.1.tgz"
  dependencies:
    brace-expansion "^2.0.1"

minimist@^1.2.5:
  version "1.2.6"
  resolved "https://registry.npmjs.org/minimist/-/minimist-1.2.6.tgz"

mkdirp@0.5.x, mkdirp@^0.5.1:
  version "0.5.5"
  resolved "https://registry.npmjs.org/mkdirp/-/mkdirp-0.5.5.tgz"
  dependencies:
    minimist "^1.2.5"

mocha@^10.2.0:
  version "10.2.0"
  resolved "https://registry.npmjs.org/mocha/-/mocha-10.2.0.tgz"
  dependencies:
    ansi-colors "4.1.1"
    browser-stdout "1.3.1"
    chokidar "3.5.3"
    debug "4.3.4"
    diff "5.0.0"
    escape-string-regexp "4.0.0"
    find-up "5.0.0"
    glob "7.2.0"
    he "1.2.0"
    js-yaml "4.1.0"
    log-symbols "4.1.0"
    minimatch "5.0.1"
    ms "2.1.3"
    nanoid "3.3.3"
    serialize-javascript "6.0.0"
    strip-json-comments "3.1.1"
    supports-color "8.1.1"
    workerpool "6.2.1"
    yargs "16.2.0"
    yargs-parser "20.2.4"
    yargs-unparser "2.0.0"

ms@2.1.2:
  version "2.1.2"
  resolved "https://registry.npmjs.org/ms/-/ms-2.1.2.tgz"

ms@2.1.3:
  version "2.1.3"
  resolved "https://registry.npmjs.org/ms/-/ms-2.1.3.tgz"

mute-stream@0.0.7:
  version "0.0.7"
  resolved "https://registry.npmjs.org/mute-stream/-/mute-stream-0.0.7.tgz"

nanoid@3.3.3:
  version "3.3.3"
  resolved "https://registry.npmjs.org/nanoid/-/nanoid-3.3.3.tgz"

natural-compare@^1.4.0:
  version "1.4.0"
  resolved "https://registry.npmjs.org/natural-compare/-/natural-compare-1.4.0.tgz"

neo-async@^2.6.0:
  version "2.6.1"
  resolved "https://registry.npmjs.org/neo-async/-/neo-async-2.6.1.tgz"

nice-try@^1.0.4:
  version "1.0.5"
  resolved "https://registry.npmjs.org/nice-try/-/nice-try-1.0.5.tgz"

node-fetch@^2.2.0:
  version "2.6.7"
  resolved "https://registry.npmjs.org/node-fetch/-/node-fetch-2.6.7.tgz"
  dependencies:
    whatwg-url "^5.0.0"

nopt@3.x:
  version "3.0.6"
  resolved "https://registry.npmjs.org/nopt/-/nopt-3.0.6.tgz"
  dependencies:
    abbrev "1"

normalize-path@^3.0.0, normalize-path@~3.0.0:
  version "3.0.0"
  resolved "https://registry.npmjs.org/normalize-path/-/normalize-path-3.0.0.tgz"

once@1.x, once@^1.3.0:
  version "1.4.0"
  resolved "https://registry.npmjs.org/once/-/once-1.4.0.tgz"
  dependencies:
    wrappy "1"

onetime@^2.0.0:
  version "2.0.1"
  resolved "https://registry.npmjs.org/onetime/-/onetime-2.0.1.tgz"
  dependencies:
    mimic-fn "^1.0.0"

optionator@^0.8.1, optionator@^0.8.2:
  version "0.8.2"
  resolved "https://registry.npmjs.org/optionator/-/optionator-0.8.2.tgz"
  dependencies:
    deep-is "~0.1.3"
    fast-levenshtein "~2.0.4"
    levn "~0.3.0"
    prelude-ls "~1.1.2"
    type-check "~0.3.2"
    wordwrap "~1.0.0"

os-tmpdir@~1.0.2:
  version "1.0.2"
  resolved "https://registry.npmjs.org/os-tmpdir/-/os-tmpdir-1.0.2.tgz"

p-limit@^3.0.2:
  version "3.1.0"
  resolved "https://registry.npmjs.org/p-limit/-/p-limit-3.1.0.tgz"
  dependencies:
    yocto-queue "^0.1.0"

p-locate@^5.0.0:
  version "5.0.0"
  resolved "https://registry.npmjs.org/p-locate/-/p-locate-5.0.0.tgz"
  dependencies:
    p-limit "^3.0.2"

parent-module@^1.0.0:
  version "1.0.1"
  resolved "https://registry.npmjs.org/parent-module/-/parent-module-1.0.1.tgz"
  dependencies:
    callsites "^3.0.0"

path-exists@^4.0.0:
  version "4.0.0"
  resolved "https://registry.npmjs.org/path-exists/-/path-exists-4.0.0.tgz"

path-is-absolute@^1.0.0:
  version "1.0.1"
  resolved "https://registry.npmjs.org/path-is-absolute/-/path-is-absolute-1.0.1.tgz"

path-is-inside@^1.0.2:
  version "1.0.2"
  resolved "https://registry.npmjs.org/path-is-inside/-/path-is-inside-1.0.2.tgz"

path-key@^2.0.1:
  version "2.0.1"
  resolved "https://registry.npmjs.org/path-key/-/path-key-2.0.1.tgz"

pathval@^1.1.0:
  version "1.1.1"
  resolved "https://registry.npmjs.org/pathval/-/pathval-1.1.1.tgz"

pegjs@^0.10.0:
  version "0.10.0"
  resolved "https://registry.npmjs.org/pegjs/-/pegjs-0.10.0.tgz"

picomatch@^2.0.4, picomatch@^2.2.1:
  version "2.3.1"
  resolved "https://registry.npmjs.org/picomatch/-/picomatch-2.3.1.tgz"

prelude-ls@~1.1.2:
  version "1.1.2"
  resolved "https://registry.npmjs.org/prelude-ls/-/prelude-ls-1.1.2.tgz"

prettify-xml@^1.2.0:
  version "1.2.0"
  resolved "https://registry.npmjs.org/prettify-xml/-/prettify-xml-1.2.0.tgz"

progress@^2.0.0:
  version "2.0.3"
  resolved "https://registry.npmjs.org/progress/-/progress-2.0.3.tgz"

punycode@^2.1.0:
  version "2.1.1"
  resolved "https://registry.npmjs.org/punycode/-/punycode-2.1.1.tgz"

randombytes@^2.1.0:
  version "2.1.0"
  resolved "https://registry.npmjs.org/randombytes/-/randombytes-2.1.0.tgz"
  dependencies:
    safe-buffer "^5.1.0"

readdirp@~3.6.0:
  version "3.6.0"
  resolved "https://registry.npmjs.org/readdirp/-/readdirp-3.6.0.tgz"
  dependencies:
    picomatch "^2.2.1"

regexpp@^2.0.1:
  version "2.0.1"
  resolved "https://registry.npmjs.org/regexpp/-/regexpp-2.0.1.tgz"

require-directory@^2.1.1:
  version "2.1.1"
  resolved "https://registry.npmjs.org/require-directory/-/require-directory-2.1.1.tgz"

resolve-from@^4.0.0:
  version "4.0.0"
  resolved "https://registry.npmjs.org/resolve-from/-/resolve-from-4.0.0.tgz"

resolve@1.1.x:
  version "1.1.7"
  resolved "https://registry.npmjs.org/resolve/-/resolve-1.1.7.tgz"

restore-cursor@^2.0.0:
  version "2.0.0"
  resolved "https://registry.npmjs.org/restore-cursor/-/restore-cursor-2.0.0.tgz"
  dependencies:
    onetime "^2.0.0"
    signal-exit "^3.0.2"

rimraf@2.6.3:
  version "2.6.3"
  resolved "https://registry.npmjs.org/rimraf/-/rimraf-2.6.3.tgz"
  dependencies:
    glob "^7.1.3"

run-async@^2.2.0:
  version "2.4.1"
  resolved "https://registry.npmjs.org/run-async/-/run-async-2.4.1.tgz"

rxjs@^6.4.0:
  version "6.5.5"
  resolved "https://registry.npmjs.org/rxjs/-/rxjs-6.5.5.tgz"
  dependencies:
    tslib "^1.9.0"

safe-buffer@^5.1.0:
  version "5.2.1"
  resolved "https://registry.npmjs.org/safe-buffer/-/safe-buffer-5.2.1.tgz"

"safer-buffer@>= 2.1.2 < 3":
  version "2.1.2"
  resolved "https://registry.npmjs.org/safer-buffer/-/safer-buffer-2.1.2.tgz"

sax@>=0.6.0:
  version "1.2.4"
  resolved "https://registry.npmjs.org/sax/-/sax-1.2.4.tgz"

semver@^5.5.0, semver@^5.5.1:
  version "5.7.1"
  resolved "https://registry.npmjs.org/semver/-/semver-5.7.1.tgz"

serialize-javascript@6.0.0:
  version "6.0.0"
  resolved "https://registry.npmjs.org/serialize-javascript/-/serialize-javascript-6.0.0.tgz"
  dependencies:
    randombytes "^2.1.0"

shebang-command@^1.2.0:
  version "1.2.0"
  resolved "https://registry.npmjs.org/shebang-command/-/shebang-command-1.2.0.tgz"
  dependencies:
    shebang-regex "^1.0.0"

shebang-regex@^1.0.0:
  version "1.0.0"
  resolved "https://registry.npmjs.org/shebang-regex/-/shebang-regex-1.0.0.tgz"

signal-exit@^3.0.2:
  version "3.0.3"
  resolved "https://registry.npmjs.org/signal-exit/-/signal-exit-3.0.3.tgz"

slice-ansi@^2.1.0:
  version "2.1.0"
  resolved "https://registry.npmjs.org/slice-ansi/-/slice-ansi-2.1.0.tgz"
  dependencies:
    ansi-styles "^3.2.0"
    astral-regex "^1.0.0"
    is-fullwidth-code-point "^2.0.0"

source-map@^0.6.1, source-map@~0.6.1:
  version "0.6.1"
  resolved "https://registry.npmjs.org/source-map/-/source-map-0.6.1.tgz"

source-map@~0.2.0:
  version "0.2.0"
  resolved "https://registry.npmjs.org/source-map/-/source-map-0.2.0.tgz"
  dependencies:
    amdefine ">=0.0.4"

sprintf-js@~1.0.2:
  version "1.0.3"
  resolved "https://registry.npmjs.org/sprintf-js/-/sprintf-js-1.0.3.tgz"

stream-events@^1.0.5:
  version "1.0.5"
  resolved "https://registry.npmjs.org/stream-events/-/stream-events-1.0.5.tgz"
  dependencies:
    stubs "^3.0.0"

string-width@^2.1.0:
  version "2.1.1"
  resolved "https://registry.npmjs.org/string-width/-/string-width-2.1.1.tgz"
  dependencies:
    is-fullwidth-code-point "^2.0.0"
    strip-ansi "^4.0.0"

string-width@^3.0.0:
  version "3.1.0"
  resolved "https://registry.npmjs.org/string-width/-/string-width-3.1.0.tgz"
  dependencies:
    emoji-regex "^7.0.1"
    is-fullwidth-code-point "^2.0.0"
    strip-ansi "^5.1.0"

string-width@^4.1.0, string-width@^4.2.0:
  version "4.2.3"
  resolved "https://registry.npmjs.org/string-width/-/string-width-4.2.3.tgz"
  dependencies:
    emoji-regex "^8.0.0"
    is-fullwidth-code-point "^3.0.0"
    strip-ansi "^6.0.1"

strip-ansi@^4.0.0:
  version "4.0.0"
  resolved "https://registry.npmjs.org/strip-ansi/-/strip-ansi-4.0.0.tgz"
  dependencies:
    ansi-regex "^3.0.0"

strip-ansi@^5.1.0:
  version "5.2.0"
  resolved "https://registry.npmjs.org/strip-ansi/-/strip-ansi-5.2.0.tgz"
  dependencies:
    ansi-regex "^4.1.0"

strip-ansi@^6.0.0, strip-ansi@^6.0.1:
  version "6.0.1"
  resolved "https://registry.npmjs.org/strip-ansi/-/strip-ansi-6.0.1.tgz"
  dependencies:
    ansi-regex "^5.0.1"

strip-json-comments@3.1.1:
  version "3.1.1"
  resolved "https://registry.npmjs.org/strip-json-comments/-/strip-json-comments-3.1.1.tgz"

strip-json-comments@^2.0.1:
  version "2.0.1"
  resolved "https://registry.npmjs.org/strip-json-comments/-/strip-json-comments-2.0.1.tgz"

stubs@^3.0.0:
  version "3.0.0"
  resolved "https://registry.npmjs.org/stubs/-/stubs-3.0.0.tgz"

supports-color@8.1.1:
  version "8.1.1"
  resolved "https://registry.npmjs.org/supports-color/-/supports-color-8.1.1.tgz"
  dependencies:
    has-flag "^4.0.0"

supports-color@^3.1.0:
  version "3.2.3"
  resolved "https://registry.npmjs.org/supports-color/-/supports-color-3.2.3.tgz"
  dependencies:
    has-flag "^1.0.0"

supports-color@^5.3.0:
  version "5.4.0"
  resolved "https://registry.npmjs.org/supports-color/-/supports-color-5.4.0.tgz"
  dependencies:
    has-flag "^3.0.0"

supports-color@^7.1.0:
  version "7.2.0"
  resolved "https://registry.npmjs.org/supports-color/-/supports-color-7.2.0.tgz"
  dependencies:
    has-flag "^4.0.0"

table@^5.2.3:
  version "5.4.6"
  resolved "https://registry.npmjs.org/table/-/table-5.4.6.tgz"
  dependencies:
    ajv "^6.10.2"
    lodash "^4.17.14"
    slice-ansi "^2.1.0"
    string-width "^3.0.0"

teeny-request@6.0.1:
  version "6.0.1"
  resolved "https://registry.npmjs.org/teeny-request/-/teeny-request-6.0.1.tgz"
  dependencies:
    http-proxy-agent "^4.0.0"
    https-proxy-agent "^4.0.0"
    node-fetch "^2.2.0"
    stream-events "^1.0.5"
    uuid "^3.3.2"

text-table@^0.2.0:
  version "0.2.0"
  resolved "https://registry.npmjs.org/text-table/-/text-table-0.2.0.tgz"

through@^2.3.6:
  version "2.3.8"
  resolved "https://registry.npmjs.org/through/-/through-2.3.8.tgz"

tmp@^0.0.33:
  version "0.0.33"
  resolved "https://registry.npmjs.org/tmp/-/tmp-0.0.33.tgz"
  dependencies:
    os-tmpdir "~1.0.2"

to-regex-range@^5.0.1:
  version "5.0.1"
  resolved "https://registry.npmjs.org/to-regex-range/-/to-regex-range-5.0.1.tgz"
  dependencies:
    is-number "^7.0.0"

tr46@~0.0.3:
  version "0.0.3"
  resolved "https://registry.npmjs.org/tr46/-/tr46-0.0.3.tgz"

tslib@^1.9.0:
  version "1.11.2"
  resolved "https://registry.npmjs.org/tslib/-/tslib-1.11.2.tgz"

type-check@~0.3.2:
  version "0.3.2"
  resolved "https://registry.npmjs.org/type-check/-/type-check-0.3.2.tgz"
  dependencies:
    prelude-ls "~1.1.2"

type-detect@^4.0.0, type-detect@^4.0.5:
  version "4.0.8"
  resolved "https://registry.npmjs.org/type-detect/-/type-detect-4.0.8.tgz"

uglify-js@^3.1.4:
  version "3.7.2"
  resolved "https://registry.npmjs.org/uglify-js/-/uglify-js-3.7.2.tgz"
  dependencies:
    commander "~2.20.3"
    source-map "~0.6.1"

uri-js@^4.2.2:
  version "4.2.2"
  resolved "https://registry.npmjs.org/uri-js/-/uri-js-4.2.2.tgz"
  dependencies:
    punycode "^2.1.0"

urlgrey@0.4.4:
  version "0.4.4"
  resolved "https://registry.npmjs.org/urlgrey/-/urlgrey-0.4.4.tgz"

uuid@^3.3.2:
  version "3.4.0"
  resolved "https://registry.npmjs.org/uuid/-/uuid-3.4.0.tgz"

webidl-conversions@^3.0.0:
  version "3.0.1"
  resolved "https://registry.npmjs.org/webidl-conversions/-/webidl-conversions-3.0.1.tgz"

whatwg-url@^5.0.0:
  version "5.0.0"
  resolved "https://registry.npmjs.org/whatwg-url/-/whatwg-url-5.0.0.tgz"
  dependencies:
    tr46 "~0.0.3"
    webidl-conversions "^3.0.0"

which@^1.1.1, which@^1.2.9:
  version "1.3.1"
  resolved "https://registry.npmjs.org/which/-/which-1.3.1.tgz"
  dependencies:
    isexe "^2.0.0"

wordwrap@^1.0.0, wordwrap@~1.0.0:
  version "1.0.0"
  resolved "https://registry.npmjs.org/wordwrap/-/wordwrap-1.0.0.tgz"

workerpool@6.2.1:
  version "6.2.1"
  resolved "https://registry.npmjs.org/workerpool/-/workerpool-6.2.1.tgz"

wrap-ansi@^7.0.0:
  version "7.0.0"
  resolved "https://registry.npmjs.org/wrap-ansi/-/wrap-ansi-7.0.0.tgz"
  dependencies:
    ansi-styles "^4.0.0"
    string-width "^4.1.0"
    strip-ansi "^6.0.0"

wrappy@1:
  version "1.0.2"
  resolved "https://registry.npmjs.org/wrappy/-/wrappy-1.0.2.tgz"

write@1.0.3:
  version "1.0.3"
  resolved "https://registry.npmjs.org/write/-/write-1.0.3.tgz"
  dependencies:
    mkdirp "^0.5.1"

xml2js@^0.5.0:
  version "0.5.0"
  resolved "https://registry.yarnpkg.com/xml2js/-/xml2js-0.5.0.tgz#d9440631fbb2ed800203fad106f2724f62c493b7"
  dependencies:
    sax ">=0.6.0"
    xmlbuilder "~11.0.0"

xmlbuilder@~11.0.0:
  version "11.0.1"
  resolved "https://registry.npmjs.org/xmlbuilder/-/xmlbuilder-11.0.1.tgz"

y18n@^5.0.5:
  version "5.0.8"
  resolved "https://registry.npmjs.org/y18n/-/y18n-5.0.8.tgz"

yargs-parser@20.2.4, yargs-parser@^20.2.2:
  version "20.2.4"
  resolved "https://registry.npmjs.org/yargs-parser/-/yargs-parser-20.2.4.tgz"

yargs-unparser@2.0.0:
  version "2.0.0"
  resolved "https://registry.npmjs.org/yargs-unparser/-/yargs-unparser-2.0.0.tgz"
  dependencies:
    camelcase "^6.0.0"
    decamelize "^4.0.0"
    flat "^5.0.2"
    is-plain-obj "^2.1.0"

yargs@16.2.0:
  version "16.2.0"
  resolved "https://registry.npmjs.org/yargs/-/yargs-16.2.0.tgz"
  dependencies:
    cliui "^7.0.2"
    escalade "^3.1.1"
    get-caller-file "^2.0.5"
    require-directory "^2.1.1"
    string-width "^4.2.0"
    y18n "^5.0.5"
    yargs-parser "^20.2.2"

yocto-queue@^0.1.0:
  version "0.1.0"
  resolved "https://registry.npmjs.org/yocto-queue/-/yocto-queue-0.1.0.tgz"
